
Microsoft Visual Studio Solution File, Format Version 12.00
# Visual Studio Version 17
VisualStudioVersion = 17.4.33110.190
MinimumVisualStudioVersion = 10.0.40219.1
Project("{FAE04EC0-301F-11D3-BF4B-00C04F79EFBC}") = "Fibrofoto", "Fibrofoto\Fibrofoto.csproj", "{DD45642B-EE19-47C7-8E0C-05661F0D99BC}"
EndProject
Global
	GlobalSection(SolutionConfigurationPlatforms) = preSolution
		Debug|Any CPU = Debug|Any CPU
		Release|Any CPU = Release|Any CPU
	EndGlobalSection
	GlobalSection(ProjectConfigurationPlatforms) = postSolution
		{DD45642B-EE19-47C7-8E0C-05661F0D99BC}.Debug|Any CPU.ActiveCfg = Debug|Any CPU
		{DD45642B-EE19-47C7-8E0C-05661F0D99BC}.Debug|Any CPU.Build.0 = Debug|Any CPU
		{DD45642B-EE19-47C7-8E0C-05661F0D99BC}.Release|Any CPU.ActiveCfg = Release|Any CPU
		{DD45642B-EE19-47C7-8E0C-05661F0D99BC}.Release|Any CPU.Build.0 = Release|Any CPU
	EndGlobalSection
	GlobalSection(SolutionProperties) = preSolution
		HideSolutionNode = FALSE
	EndGlobalSection
	GlobalSection(ExtensibilityGlobals) = postSolution
		SolutionGuid = {3292E052-D18A-4F9A-84DB-AF9E2453F98F}
	EndGlobalSection
EndGlobal
